
Microsoft Visual Studio Solution File, Format Version 12.00
# Visual Studio Version 17
VisualStudioVersion = 17.2.32616.157
MinimumVisualStudioVersion = 10.0.40219.1
Project("{FAE04EC0-301F-11D3-BF4B-00C04F79EFBC}") = "To_Do_HandsOnAPIS", "To_Do_HandsOnAPIS\To_Do_HandsOnAPIS.csproj", "{3AFDBB81-144F-414A-9596-2C12DBAB3626}"
EndProject
Global
	GlobalSection(SolutionConfigurationPlatforms) = preSolution
		Debug|Any CPU = Debug|Any CPU
		Release|Any CPU = Release|Any CPU
	EndGlobalSection
	GlobalSection(ProjectConfigurationPlatforms) = postSolution
		{3AFDBB81-144F-414A-9596-2C12DBAB3626}.Debug|Any CPU.ActiveCfg = Debug|Any CPU
		{3AFDBB81-144F-414A-9596-2C12DBAB3626}.Debug|Any CPU.Build.0 = Debug|Any CPU
		{3AFDBB81-144F-414A-9596-2C12DBAB3626}.Release|Any CPU.ActiveCfg = Release|Any CPU
		{3AFDBB81-144F-414A-9596-2C12DBAB3626}.Release|Any CPU.Build.0 = Release|Any CPU
	EndGlobalSection
	GlobalSection(SolutionProperties) = preSolution
		HideSolutionNode = FALSE
	EndGlobalSection
	GlobalSection(ExtensibilityGlobals) = postSolution
		SolutionGuid = {87FF9240-CAFB-4CDB-B8F9-EAD107F57E97}
	EndGlobalSection
EndGlobal
